
Microsoft Visual Studio Solution File, Format Version 12.00
# Visual Studio Version 16
VisualStudioVersion = 16.0.30717.126
MinimumVisualStudioVersion = 10.0.40219.1
Project("{9A19103F-16F7-4668-BE54-9A1E7A4F7556}") = "Polspace", "Polspace\Polspace.csproj", "{61A0512C-7EA5-4F81-B5D7-84CA37111368}"
EndProject
Project("{9A19103F-16F7-4668-BE54-9A1E7A4F7556}") = "Math", "Math\Math.csproj", "{AECC932D-4D35-4B46-BAC0-D6E681660BE3}"
EndProject
Global
	GlobalSection(SolutionConfigurationPlatforms) = preSolution
		Debug|Any CPU = Debug|Any CPU
		Release|Any CPU = Release|Any CPU
	EndGlobalSection
	GlobalSection(ProjectConfigurationPlatforms) = postSolution
		{61A0512C-7EA5-4F81-B5D7-84CA37111368}.Debug|Any CPU.ActiveCfg = Debug|Any CPU
		{61A0512C-7EA5-4F81-B5D7-84CA37111368}.Debug|Any CPU.Build.0 = Debug|Any CPU
		{61A0512C-7EA5-4F81-B5D7-84CA37111368}.Release|Any CPU.ActiveCfg = Release|Any CPU
		{61A0512C-7EA5-4F81-B5D7-84CA37111368}.Release|Any CPU.Build.0 = Release|Any CPU
		{AECC932D-4D35-4B46-BAC0-D6E681660BE3}.Debug|Any CPU.ActiveCfg = Debug|Any CPU
		{AECC932D-4D35-4B46-BAC0-D6E681660BE3}.Debug|Any CPU.Build.0 = Debug|Any CPU
		{AECC932D-4D35-4B46-BAC0-D6E681660BE3}.Release|Any CPU.ActiveCfg = Release|Any CPU
		{AECC932D-4D35-4B46-BAC0-D6E681660BE3}.Release|Any CPU.Build.0 = Release|Any CPU
	EndGlobalSection
	GlobalSection(SolutionProperties) = preSolution
		HideSolutionNode = FALSE
	EndGlobalSection
	GlobalSection(ExtensibilityGlobals) = postSolution
		SolutionGuid = {6CB9F975-747B-4846-9113-72C5D936BF47}
	EndGlobalSection
EndGlobal
